
Microsoft Visual Studio Solution File, Format Version 12.00
# Visual Studio for Mac
Project("{FAE04EC0-301F-11D3-BF4B-00C04F79EFBC}") = "VuforiaScripts", "VuforiaScripts.csproj", "{C35AC3F2-74E4-68E1-7491-4643DB5E2ABC}"
EndProject
Project("{FAE04EC0-301F-11D3-BF4B-00C04F79EFBC}") = "VuforiaEditorScripts", "VuforiaEditorScripts.csproj", "{10FC2360-C209-E3B0-C43D-E4BAF96266D8}"
EndProject
Global
	GlobalSection(SolutionConfigurationPlatforms) = preSolution
		Debug|Any CPU = Debug|Any CPU
		Release|Any CPU = Release|Any CPU
	EndGlobalSection
	GlobalSection(ProjectConfigurationPlatforms) = postSolution
		{C35AC3F2-74E4-68E1-7491-4643DB5E2ABC}.Debug|Any CPU.ActiveCfg = Debug|Any CPU
		{C35AC3F2-74E4-68E1-7491-4643DB5E2ABC}.Debug|Any CPU.Build.0 = Debug|Any CPU
		{C35AC3F2-74E4-68E1-7491-4643DB5E2ABC}.Release|Any CPU.ActiveCfg = Release|Any CPU
		{C35AC3F2-74E4-68E1-7491-4643DB5E2ABC}.Release|Any CPU.Build.0 = Release|Any CPU
		{10FC2360-C209-E3B0-C43D-E4BAF96266D8}.Debug|Any CPU.ActiveCfg = Debug|Any CPU
		{10FC2360-C209-E3B0-C43D-E4BAF96266D8}.Debug|Any CPU.Build.0 = Debug|Any CPU
		{10FC2360-C209-E3B0-C43D-E4BAF96266D8}.Release|Any CPU.ActiveCfg = Release|Any CPU
		{10FC2360-C209-E3B0-C43D-E4BAF96266D8}.Release|Any CPU.Build.0 = Release|Any CPU
	EndGlobalSection
	GlobalSection(SolutionProperties) = preSolution
		HideSolutionNode = FALSE
	EndGlobalSection
EndGlobal
